
Microsoft Visual Studio Solution File, Format Version 12.00
# Visual Studio Version 16
VisualStudioVersion = 16.0.29025.244
MinimumVisualStudioVersion = 10.0.40219.1
Project("{8BC9CEB8-8B4A-11D0-8D11-00A0C91BC942}") = "只出现一次的字母", "只出现一次的字母.vcxproj", "{D39AA8AE-389F-4503-85DE-633A946708BF}"
EndProject
Global
	GlobalSection(SolutionConfigurationPlatforms) = preSolution
		Debug|x64 = Debug|x64
		Debug|x86 = Debug|x86
		Release|x64 = Release|x64
		Release|x86 = Release|x86
	EndGlobalSection
	GlobalSection(ProjectConfigurationPlatforms) = postSolution
		{D39AA8AE-389F-4503-85DE-633A946708BF}.Debug|x64.ActiveCfg = Debug|x64
		{D39AA8AE-389F-4503-85DE-633A946708BF}.Debug|x64.Build.0 = Debug|x64
		{D39AA8AE-389F-4503-85DE-633A946708BF}.Debug|x86.ActiveCfg = Debug|Win32
		{D39AA8AE-389F-4503-85DE-633A946708BF}.Debug|x86.Build.0 = Debug|Win32
		{D39AA8AE-389F-4503-85DE-633A946708BF}.Release|x64.ActiveCfg = Release|x64
		{D39AA8AE-389F-4503-85DE-633A946708BF}.Release|x64.Build.0 = Release|x64
		{D39AA8AE-389F-4503-85DE-633A946708BF}.Release|x86.ActiveCfg = Release|Win32
		{D39AA8AE-389F-4503-85DE-633A946708BF}.Release|x86.Build.0 = Release|Win32
	EndGlobalSection
	GlobalSection(SolutionProperties) = preSolution
		HideSolutionNode = FALSE
	EndGlobalSection
	GlobalSection(ExtensibilityGlobals) = postSolution
		SolutionGuid = {72ECB30C-E6C7-4903-A4B1-609125716E27}
	EndGlobalSection
EndGlobal
