
Microsoft Visual Studio Solution File, Format Version 12.00
# Visual Studio Version 16
VisualStudioVersion = 16.0.29025.244
MinimumVisualStudioVersion = 10.0.40219.1
Project("{8BC9CEB8-8B4A-11D0-8D11-00A0C91BC942}") = "字符串中第一个唯一字符", "字符串中第一个唯一字符.vcxproj", "{F70F74EA-ACD6-42E5-962A-71E7992A3291}"
EndProject
Global
	GlobalSection(SolutionConfigurationPlatforms) = preSolution
		Debug|x64 = Debug|x64
		Debug|x86 = Debug|x86
		Release|x64 = Release|x64
		Release|x86 = Release|x86
	EndGlobalSection
	GlobalSection(ProjectConfigurationPlatforms) = postSolution
		{F70F74EA-ACD6-42E5-962A-71E7992A3291}.Debug|x64.ActiveCfg = Debug|x64
		{F70F74EA-ACD6-42E5-962A-71E7992A3291}.Debug|x64.Build.0 = Debug|x64
		{F70F74EA-ACD6-42E5-962A-71E7992A3291}.Debug|x86.ActiveCfg = Debug|Win32
		{F70F74EA-ACD6-42E5-962A-71E7992A3291}.Debug|x86.Build.0 = Debug|Win32
		{F70F74EA-ACD6-42E5-962A-71E7992A3291}.Release|x64.ActiveCfg = Release|x64
		{F70F74EA-ACD6-42E5-962A-71E7992A3291}.Release|x64.Build.0 = Release|x64
		{F70F74EA-ACD6-42E5-962A-71E7992A3291}.Release|x86.ActiveCfg = Release|Win32
		{F70F74EA-ACD6-42E5-962A-71E7992A3291}.Release|x86.Build.0 = Release|Win32
	EndGlobalSection
	GlobalSection(SolutionProperties) = preSolution
		HideSolutionNode = FALSE
	EndGlobalSection
	GlobalSection(ExtensibilityGlobals) = postSolution
		SolutionGuid = {0E5BBA86-0796-45E8-AC28-C2AAD48F1C86}
	EndGlobalSection
EndGlobal
