
Microsoft Visual Studio Solution File, Format Version 12.00
# Visual Studio Version 16
VisualStudioVersion = 16.0.29025.244
MinimumVisualStudioVersion = 10.0.40219.1
Project("{8BC9CEB8-8B4A-11D0-8D11-00A0C91BC942}") = "反转LeetCode557", "反转LeetCode557.vcxproj", "{46333909-2072-491F-AD7F-C930BE97EE56}"
EndProject
Global
	GlobalSection(SolutionConfigurationPlatforms) = preSolution
		Debug|x64 = Debug|x64
		Debug|x86 = Debug|x86
		Release|x64 = Release|x64
		Release|x86 = Release|x86
	EndGlobalSection
	GlobalSection(ProjectConfigurationPlatforms) = postSolution
		{46333909-2072-491F-AD7F-C930BE97EE56}.Debug|x64.ActiveCfg = Debug|x64
		{46333909-2072-491F-AD7F-C930BE97EE56}.Debug|x64.Build.0 = Debug|x64
		{46333909-2072-491F-AD7F-C930BE97EE56}.Debug|x86.ActiveCfg = Debug|Win32
		{46333909-2072-491F-AD7F-C930BE97EE56}.Debug|x86.Build.0 = Debug|Win32
		{46333909-2072-491F-AD7F-C930BE97EE56}.Release|x64.ActiveCfg = Release|x64
		{46333909-2072-491F-AD7F-C930BE97EE56}.Release|x64.Build.0 = Release|x64
		{46333909-2072-491F-AD7F-C930BE97EE56}.Release|x86.ActiveCfg = Release|Win32
		{46333909-2072-491F-AD7F-C930BE97EE56}.Release|x86.Build.0 = Release|Win32
	EndGlobalSection
	GlobalSection(SolutionProperties) = preSolution
		HideSolutionNode = FALSE
	EndGlobalSection
	GlobalSection(ExtensibilityGlobals) = postSolution
		SolutionGuid = {140F3F4C-CED0-4E68-9889-6968555D6D56}
	EndGlobalSection
EndGlobal
