
Microsoft Visual Studio Solution File, Format Version 12.00
# Visual Studio 15
VisualStudioVersion = 15.0.28307.960
MinimumVisualStudioVersion = 10.0.40219.1
Project("{8BC9CEB8-8B4A-11D0-8D11-00A0C91BC942}") = "抄送列表", "抄送列表\抄送列表.vcxproj", "{4745B496-1A5F-4294-B8F4-F0BC273A7AAB}"
EndProject
Global
	GlobalSection(SolutionConfigurationPlatforms) = preSolution
		Debug|x64 = Debug|x64
		Debug|x86 = Debug|x86
		Release|x64 = Release|x64
		Release|x86 = Release|x86
	EndGlobalSection
	GlobalSection(ProjectConfigurationPlatforms) = postSolution
		{4745B496-1A5F-4294-B8F4-F0BC273A7AAB}.Debug|x64.ActiveCfg = Debug|x64
		{4745B496-1A5F-4294-B8F4-F0BC273A7AAB}.Debug|x64.Build.0 = Debug|x64
		{4745B496-1A5F-4294-B8F4-F0BC273A7AAB}.Debug|x86.ActiveCfg = Debug|Win32
		{4745B496-1A5F-4294-B8F4-F0BC273A7AAB}.Debug|x86.Build.0 = Debug|Win32
		{4745B496-1A5F-4294-B8F4-F0BC273A7AAB}.Release|x64.ActiveCfg = Release|x64
		{4745B496-1A5F-4294-B8F4-F0BC273A7AAB}.Release|x64.Build.0 = Release|x64
		{4745B496-1A5F-4294-B8F4-F0BC273A7AAB}.Release|x86.ActiveCfg = Release|Win32
		{4745B496-1A5F-4294-B8F4-F0BC273A7AAB}.Release|x86.Build.0 = Release|Win32
	EndGlobalSection
	GlobalSection(SolutionProperties) = preSolution
		HideSolutionNode = FALSE
	EndGlobalSection
	GlobalSection(ExtensibilityGlobals) = postSolution
		SolutionGuid = {72D8F7B0-66BC-48FB-A219-9D818F4A226B}
	EndGlobalSection
EndGlobal
