
Microsoft Visual Studio Solution File, Format Version 12.00
# Visual Studio Version 16
VisualStudioVersion = 16.0.29025.244
MinimumVisualStudioVersion = 10.0.40219.1
Project("{8BC9CEB8-8B4A-11D0-8D11-00A0C91BC942}") = "排序子序列", "排序子序列.vcxproj", "{81175640-1526-4198-9759-2D19D20F4A56}"
EndProject
Global
	GlobalSection(SolutionConfigurationPlatforms) = preSolution
		Debug|x64 = Debug|x64
		Debug|x86 = Debug|x86
		Release|x64 = Release|x64
		Release|x86 = Release|x86
	EndGlobalSection
	GlobalSection(ProjectConfigurationPlatforms) = postSolution
		{81175640-1526-4198-9759-2D19D20F4A56}.Debug|x64.ActiveCfg = Debug|x64
		{81175640-1526-4198-9759-2D19D20F4A56}.Debug|x64.Build.0 = Debug|x64
		{81175640-1526-4198-9759-2D19D20F4A56}.Debug|x86.ActiveCfg = Debug|Win32
		{81175640-1526-4198-9759-2D19D20F4A56}.Debug|x86.Build.0 = Debug|Win32
		{81175640-1526-4198-9759-2D19D20F4A56}.Release|x64.ActiveCfg = Release|x64
		{81175640-1526-4198-9759-2D19D20F4A56}.Release|x64.Build.0 = Release|x64
		{81175640-1526-4198-9759-2D19D20F4A56}.Release|x86.ActiveCfg = Release|Win32
		{81175640-1526-4198-9759-2D19D20F4A56}.Release|x86.Build.0 = Release|Win32
	EndGlobalSection
	GlobalSection(SolutionProperties) = preSolution
		HideSolutionNode = FALSE
	EndGlobalSection
	GlobalSection(ExtensibilityGlobals) = postSolution
		SolutionGuid = {2DA564B4-E86B-4D8D-94D2-673F46B61C3E}
	EndGlobalSection
EndGlobal
