
Microsoft Visual Studio Solution File, Format Version 12.00
# Visual Studio 15
VisualStudioVersion = 15.0.28307.960
MinimumVisualStudioVersion = 10.0.40219.1
Project("{8BC9CEB8-8B4A-11D0-8D11-00A0C91BC942}") = "从尾到头打印链表", "从尾到头打印链表\从尾到头打印链表.vcxproj", "{B6E0CCAC-84B1-4C50-9251-1E53F4B804D7}"
EndProject
Global
	GlobalSection(SolutionConfigurationPlatforms) = preSolution
		Debug|x64 = Debug|x64
		Debug|x86 = Debug|x86
		Release|x64 = Release|x64
		Release|x86 = Release|x86
	EndGlobalSection
	GlobalSection(ProjectConfigurationPlatforms) = postSolution
		{B6E0CCAC-84B1-4C50-9251-1E53F4B804D7}.Debug|x64.ActiveCfg = Debug|x64
		{B6E0CCAC-84B1-4C50-9251-1E53F4B804D7}.Debug|x64.Build.0 = Debug|x64
		{B6E0CCAC-84B1-4C50-9251-1E53F4B804D7}.Debug|x86.ActiveCfg = Debug|Win32
		{B6E0CCAC-84B1-4C50-9251-1E53F4B804D7}.Debug|x86.Build.0 = Debug|Win32
		{B6E0CCAC-84B1-4C50-9251-1E53F4B804D7}.Release|x64.ActiveCfg = Release|x64
		{B6E0CCAC-84B1-4C50-9251-1E53F4B804D7}.Release|x64.Build.0 = Release|x64
		{B6E0CCAC-84B1-4C50-9251-1E53F4B804D7}.Release|x86.ActiveCfg = Release|Win32
		{B6E0CCAC-84B1-4C50-9251-1E53F4B804D7}.Release|x86.Build.0 = Release|Win32
	EndGlobalSection
	GlobalSection(SolutionProperties) = preSolution
		HideSolutionNode = FALSE
	EndGlobalSection
	GlobalSection(ExtensibilityGlobals) = postSolution
		SolutionGuid = {3A2B00BE-2355-496A-A239-D34FED6F5B3F}
	EndGlobalSection
EndGlobal
