
Microsoft Visual Studio Solution File, Format Version 12.00
# Visual Studio Version 16
VisualStudioVersion = 16.0.29025.244
MinimumVisualStudioVersion = 10.0.40219.1
Project("{8BC9CEB8-8B4A-11D0-8D11-00A0C91BC942}") = "541反转字符串II", "541反转字符串II.vcxproj", "{EE266ABC-79A4-47B0-9121-E3BB2103F185}"
EndProject
Global
	GlobalSection(SolutionConfigurationPlatforms) = preSolution
		Debug|x64 = Debug|x64
		Debug|x86 = Debug|x86
		Release|x64 = Release|x64
		Release|x86 = Release|x86
	EndGlobalSection
	GlobalSection(ProjectConfigurationPlatforms) = postSolution
		{EE266ABC-79A4-47B0-9121-E3BB2103F185}.Debug|x64.ActiveCfg = Debug|x64
		{EE266ABC-79A4-47B0-9121-E3BB2103F185}.Debug|x64.Build.0 = Debug|x64
		{EE266ABC-79A4-47B0-9121-E3BB2103F185}.Debug|x86.ActiveCfg = Debug|Win32
		{EE266ABC-79A4-47B0-9121-E3BB2103F185}.Debug|x86.Build.0 = Debug|Win32
		{EE266ABC-79A4-47B0-9121-E3BB2103F185}.Release|x64.ActiveCfg = Release|x64
		{EE266ABC-79A4-47B0-9121-E3BB2103F185}.Release|x64.Build.0 = Release|x64
		{EE266ABC-79A4-47B0-9121-E3BB2103F185}.Release|x86.ActiveCfg = Release|Win32
		{EE266ABC-79A4-47B0-9121-E3BB2103F185}.Release|x86.Build.0 = Release|Win32
	EndGlobalSection
	GlobalSection(SolutionProperties) = preSolution
		HideSolutionNode = FALSE
	EndGlobalSection
	GlobalSection(ExtensibilityGlobals) = postSolution
		SolutionGuid = {C6B3A747-9A79-412B-B2E0-83E819FFE79F}
	EndGlobalSection
EndGlobal
