
Microsoft Visual Studio Solution File, Format Version 12.00
# Visual Studio Version 16
VisualStudioVersion = 16.0.29025.244
MinimumVisualStudioVersion = 10.0.40219.1
Project("{8BC9CEB8-8B4A-11D0-8D11-00A0C91BC942}") = "组队竞赛", "组队竞赛.vcxproj", "{7C3705C8-6BC6-4D00-B535-1204FF6C5614}"
EndProject
Global
	GlobalSection(SolutionConfigurationPlatforms) = preSolution
		Debug|x64 = Debug|x64
		Debug|x86 = Debug|x86
		Release|x64 = Release|x64
		Release|x86 = Release|x86
	EndGlobalSection
	GlobalSection(ProjectConfigurationPlatforms) = postSolution
		{7C3705C8-6BC6-4D00-B535-1204FF6C5614}.Debug|x64.ActiveCfg = Debug|x64
		{7C3705C8-6BC6-4D00-B535-1204FF6C5614}.Debug|x64.Build.0 = Debug|x64
		{7C3705C8-6BC6-4D00-B535-1204FF6C5614}.Debug|x86.ActiveCfg = Debug|Win32
		{7C3705C8-6BC6-4D00-B535-1204FF6C5614}.Debug|x86.Build.0 = Debug|Win32
		{7C3705C8-6BC6-4D00-B535-1204FF6C5614}.Release|x64.ActiveCfg = Release|x64
		{7C3705C8-6BC6-4D00-B535-1204FF6C5614}.Release|x64.Build.0 = Release|x64
		{7C3705C8-6BC6-4D00-B535-1204FF6C5614}.Release|x86.ActiveCfg = Release|Win32
		{7C3705C8-6BC6-4D00-B535-1204FF6C5614}.Release|x86.Build.0 = Release|Win32
	EndGlobalSection
	GlobalSection(SolutionProperties) = preSolution
		HideSolutionNode = FALSE
	EndGlobalSection
	GlobalSection(ExtensibilityGlobals) = postSolution
		SolutionGuid = {320F1AAB-2213-4A6B-A528-1C9FACC3D757}
	EndGlobalSection
EndGlobal
