
Microsoft Visual Studio Solution File, Format Version 12.00
# Visual Studio 15
VisualStudioVersion = 15.0.28307.960
MinimumVisualStudioVersion = 10.0.40219.1
Project("{8BC9CEB8-8B4A-11D0-8D11-00A0C91BC942}") = "发邮件", "发邮件\发邮件.vcxproj", "{4DC9FA18-C600-4DD2-BA57-C9A6112E57A8}"
EndProject
Global
	GlobalSection(SolutionConfigurationPlatforms) = preSolution
		Debug|x64 = Debug|x64
		Debug|x86 = Debug|x86
		Release|x64 = Release|x64
		Release|x86 = Release|x86
	EndGlobalSection
	GlobalSection(ProjectConfigurationPlatforms) = postSolution
		{4DC9FA18-C600-4DD2-BA57-C9A6112E57A8}.Debug|x64.ActiveCfg = Debug|x64
		{4DC9FA18-C600-4DD2-BA57-C9A6112E57A8}.Debug|x64.Build.0 = Debug|x64
		{4DC9FA18-C600-4DD2-BA57-C9A6112E57A8}.Debug|x86.ActiveCfg = Debug|Win32
		{4DC9FA18-C600-4DD2-BA57-C9A6112E57A8}.Debug|x86.Build.0 = Debug|Win32
		{4DC9FA18-C600-4DD2-BA57-C9A6112E57A8}.Release|x64.ActiveCfg = Release|x64
		{4DC9FA18-C600-4DD2-BA57-C9A6112E57A8}.Release|x64.Build.0 = Release|x64
		{4DC9FA18-C600-4DD2-BA57-C9A6112E57A8}.Release|x86.ActiveCfg = Release|Win32
		{4DC9FA18-C600-4DD2-BA57-C9A6112E57A8}.Release|x86.Build.0 = Release|Win32
	EndGlobalSection
	GlobalSection(SolutionProperties) = preSolution
		HideSolutionNode = FALSE
	EndGlobalSection
	GlobalSection(ExtensibilityGlobals) = postSolution
		SolutionGuid = {B2DA9DAB-E3E4-4072-8F3E-1E7042188B79}
	EndGlobalSection
EndGlobal
