
Microsoft Visual Studio Solution File, Format Version 12.00
# Visual Studio Version 16
VisualStudioVersion = 16.0.29025.244
MinimumVisualStudioVersion = 10.0.40219.1
Project("{8BC9CEB8-8B4A-11D0-8D11-00A0C91BC942}") = "string(2)", "string(2).vcxproj", "{D95287A8-73BA-416F-84FA-6E30D5D39795}"
EndProject
Global
	GlobalSection(SolutionConfigurationPlatforms) = preSolution
		Debug|x64 = Debug|x64
		Debug|x86 = Debug|x86
		Release|x64 = Release|x64
		Release|x86 = Release|x86
	EndGlobalSection
	GlobalSection(ProjectConfigurationPlatforms) = postSolution
		{D95287A8-73BA-416F-84FA-6E30D5D39795}.Debug|x64.ActiveCfg = Debug|x64
		{D95287A8-73BA-416F-84FA-6E30D5D39795}.Debug|x64.Build.0 = Debug|x64
		{D95287A8-73BA-416F-84FA-6E30D5D39795}.Debug|x86.ActiveCfg = Debug|Win32
		{D95287A8-73BA-416F-84FA-6E30D5D39795}.Debug|x86.Build.0 = Debug|Win32
		{D95287A8-73BA-416F-84FA-6E30D5D39795}.Release|x64.ActiveCfg = Release|x64
		{D95287A8-73BA-416F-84FA-6E30D5D39795}.Release|x64.Build.0 = Release|x64
		{D95287A8-73BA-416F-84FA-6E30D5D39795}.Release|x86.ActiveCfg = Release|Win32
		{D95287A8-73BA-416F-84FA-6E30D5D39795}.Release|x86.Build.0 = Release|Win32
	EndGlobalSection
	GlobalSection(SolutionProperties) = preSolution
		HideSolutionNode = FALSE
	EndGlobalSection
	GlobalSection(ExtensibilityGlobals) = postSolution
		SolutionGuid = {4C906099-97A3-4D72-895D-36D7D6519131}
	EndGlobalSection
EndGlobal
