
Microsoft Visual Studio Solution File, Format Version 12.00
# Visual Studio 15
VisualStudioVersion = 15.0.28307.960
MinimumVisualStudioVersion = 10.0.40219.1
Project("{8BC9CEB8-8B4A-11D0-8D11-00A0C91BC942}") = "AVL树", "AVL树\AVL树.vcxproj", "{E705DE99-ED0A-44BC-B6B8-C6704FF2098F}"
EndProject
Global
	GlobalSection(SolutionConfigurationPlatforms) = preSolution
		Debug|x64 = Debug|x64
		Debug|x86 = Debug|x86
		Release|x64 = Release|x64
		Release|x86 = Release|x86
	EndGlobalSection
	GlobalSection(ProjectConfigurationPlatforms) = postSolution
		{E705DE99-ED0A-44BC-B6B8-C6704FF2098F}.Debug|x64.ActiveCfg = Debug|x64
		{E705DE99-ED0A-44BC-B6B8-C6704FF2098F}.Debug|x64.Build.0 = Debug|x64
		{E705DE99-ED0A-44BC-B6B8-C6704FF2098F}.Debug|x86.ActiveCfg = Debug|Win32
		{E705DE99-ED0A-44BC-B6B8-C6704FF2098F}.Debug|x86.Build.0 = Debug|Win32
		{E705DE99-ED0A-44BC-B6B8-C6704FF2098F}.Release|x64.ActiveCfg = Release|x64
		{E705DE99-ED0A-44BC-B6B8-C6704FF2098F}.Release|x64.Build.0 = Release|x64
		{E705DE99-ED0A-44BC-B6B8-C6704FF2098F}.Release|x86.ActiveCfg = Release|Win32
		{E705DE99-ED0A-44BC-B6B8-C6704FF2098F}.Release|x86.Build.0 = Release|Win32
	EndGlobalSection
	GlobalSection(SolutionProperties) = preSolution
		HideSolutionNode = FALSE
	EndGlobalSection
	GlobalSection(ExtensibilityGlobals) = postSolution
		SolutionGuid = {3062B3F2-3701-4988-BB6D-84E24128A382}
	EndGlobalSection
EndGlobal
