
Microsoft Visual Studio Solution File, Format Version 12.00
# Visual Studio 15
VisualStudioVersion = 15.0.28307.960
MinimumVisualStudioVersion = 10.0.40219.1
Project("{8BC9CEB8-8B4A-11D0-8D11-00A0C91BC942}") = "调整数组顺序使得奇数位于偶数前面", "调整数组顺序使得奇数位于偶数前面\调整数组顺序使得奇数位于偶数前面.vcxproj", "{FB197503-4699-4F65-8933-157EBCF80115}"
EndProject
Global
	GlobalSection(SolutionConfigurationPlatforms) = preSolution
		Debug|x64 = Debug|x64
		Debug|x86 = Debug|x86
		Release|x64 = Release|x64
		Release|x86 = Release|x86
	EndGlobalSection
	GlobalSection(ProjectConfigurationPlatforms) = postSolution
		{FB197503-4699-4F65-8933-157EBCF80115}.Debug|x64.ActiveCfg = Debug|x64
		{FB197503-4699-4F65-8933-157EBCF80115}.Debug|x64.Build.0 = Debug|x64
		{FB197503-4699-4F65-8933-157EBCF80115}.Debug|x86.ActiveCfg = Debug|Win32
		{FB197503-4699-4F65-8933-157EBCF80115}.Debug|x86.Build.0 = Debug|Win32
		{FB197503-4699-4F65-8933-157EBCF80115}.Release|x64.ActiveCfg = Release|x64
		{FB197503-4699-4F65-8933-157EBCF80115}.Release|x64.Build.0 = Release|x64
		{FB197503-4699-4F65-8933-157EBCF80115}.Release|x86.ActiveCfg = Release|Win32
		{FB197503-4699-4F65-8933-157EBCF80115}.Release|x86.Build.0 = Release|Win32
	EndGlobalSection
	GlobalSection(SolutionProperties) = preSolution
		HideSolutionNode = FALSE
	EndGlobalSection
	GlobalSection(ExtensibilityGlobals) = postSolution
		SolutionGuid = {28AE5CD9-A4C7-4037-AAED-7F1616AA8382}
	EndGlobalSection
EndGlobal
