
Microsoft Visual Studio Solution File, Format Version 12.00
# Visual Studio 15
VisualStudioVersion = 15.0.28307.960
MinimumVisualStudioVersion = 10.0.40219.1
Project("{8BC9CEB8-8B4A-11D0-8D11-00A0C91BC942}") = "长键输入", "长键输入\长键输入.vcxproj", "{86464105-FA36-40FB-95E1-73EDD09BC03B}"
EndProject
Global
	GlobalSection(SolutionConfigurationPlatforms) = preSolution
		Debug|x64 = Debug|x64
		Debug|x86 = Debug|x86
		Release|x64 = Release|x64
		Release|x86 = Release|x86
	EndGlobalSection
	GlobalSection(ProjectConfigurationPlatforms) = postSolution
		{86464105-FA36-40FB-95E1-73EDD09BC03B}.Debug|x64.ActiveCfg = Debug|x64
		{86464105-FA36-40FB-95E1-73EDD09BC03B}.Debug|x64.Build.0 = Debug|x64
		{86464105-FA36-40FB-95E1-73EDD09BC03B}.Debug|x86.ActiveCfg = Debug|Win32
		{86464105-FA36-40FB-95E1-73EDD09BC03B}.Debug|x86.Build.0 = Debug|Win32
		{86464105-FA36-40FB-95E1-73EDD09BC03B}.Release|x64.ActiveCfg = Release|x64
		{86464105-FA36-40FB-95E1-73EDD09BC03B}.Release|x64.Build.0 = Release|x64
		{86464105-FA36-40FB-95E1-73EDD09BC03B}.Release|x86.ActiveCfg = Release|Win32
		{86464105-FA36-40FB-95E1-73EDD09BC03B}.Release|x86.Build.0 = Release|Win32
	EndGlobalSection
	GlobalSection(SolutionProperties) = preSolution
		HideSolutionNode = FALSE
	EndGlobalSection
	GlobalSection(ExtensibilityGlobals) = postSolution
		SolutionGuid = {D4A25159-3307-41DA-8022-FCBB317BF68E}
	EndGlobalSection
EndGlobal
