
Microsoft Visual Studio Solution File, Format Version 12.00
# Visual Studio Version 16
VisualStudioVersion = 16.0.29025.244
MinimumVisualStudioVersion = 10.0.40219.1
Project("{8BC9CEB8-8B4A-11D0-8D11-00A0C91BC942}") = "类和对象1", "类和对象1.vcxproj", "{360FA68E-A219-4551-BB10-CE0ACDA97F38}"
EndProject
Global
	GlobalSection(SolutionConfigurationPlatforms) = preSolution
		Debug|x64 = Debug|x64
		Debug|x86 = Debug|x86
		Release|x64 = Release|x64
		Release|x86 = Release|x86
	EndGlobalSection
	GlobalSection(ProjectConfigurationPlatforms) = postSolution
		{360FA68E-A219-4551-BB10-CE0ACDA97F38}.Debug|x64.ActiveCfg = Debug|x64
		{360FA68E-A219-4551-BB10-CE0ACDA97F38}.Debug|x64.Build.0 = Debug|x64
		{360FA68E-A219-4551-BB10-CE0ACDA97F38}.Debug|x86.ActiveCfg = Debug|Win32
		{360FA68E-A219-4551-BB10-CE0ACDA97F38}.Debug|x86.Build.0 = Debug|Win32
		{360FA68E-A219-4551-BB10-CE0ACDA97F38}.Release|x64.ActiveCfg = Release|x64
		{360FA68E-A219-4551-BB10-CE0ACDA97F38}.Release|x64.Build.0 = Release|x64
		{360FA68E-A219-4551-BB10-CE0ACDA97F38}.Release|x86.ActiveCfg = Release|Win32
		{360FA68E-A219-4551-BB10-CE0ACDA97F38}.Release|x86.Build.0 = Release|Win32
	EndGlobalSection
	GlobalSection(SolutionProperties) = preSolution
		HideSolutionNode = FALSE
	EndGlobalSection
	GlobalSection(ExtensibilityGlobals) = postSolution
		SolutionGuid = {C6143C3B-3020-4CB1-89F3-35D04AC1B3AA}
	EndGlobalSection
EndGlobal
